
Microsoft Visual Studio Solution File, Format Version 12.00
# Visual Studio Version 17
VisualStudioVersion = 17.14.36616.10 d17.14
MinimumVisualStudioVersion = 10.0.40219.1
Project("{54A90642-561A-4BB1-A94E-469ADEE60C69}") = "reactcrud.client", "reactcrud.client\reactcrud.client.esproj", "{250FC760-854F-3DBA-E406-7262EADA2AD1}"
EndProject
Project("{FAE04EC0-301F-11D3-BF4B-00C04F79EFBC}") = "ReactCRUD.Server", "ReactCRUD.Server\ReactCRUD.Server.csproj", "{7617C3F4-4C05-442E-AC8D-0D485B7EDD65}"
EndProject
Project("{FAE04EC0-301F-11D3-BF4B-00C04F79EFBC}") = "ReactCRUD.Core", "ReactCRUD.Core\ReactCRUD.Core.csproj", "{A865E687-2BC6-4537-A2C6-7EA4B988F885}"
EndProject
Project("{FAE04EC0-301F-11D3-BF4B-00C04F79EFBC}") = "ReactCRUD.Data", "ReactCRUD.Data\ReactCRUD.Data.csproj", "{86112197-EB70-457B-B879-91A17E2F6048}"
EndProject
Global
	GlobalSection(SolutionConfigurationPlatforms) = preSolution
		Debug|Any CPU = Debug|Any CPU
		Release|Any CPU = Release|Any CPU
	EndGlobalSection
	GlobalSection(ProjectConfigurationPlatforms) = postSolution
		{250FC760-854F-3DBA-E406-7262EADA2AD1}.Debug|Any CPU.ActiveCfg = Debug|Any CPU
		{250FC760-854F-3DBA-E406-7262EADA2AD1}.Debug|Any CPU.Build.0 = Debug|Any CPU
		{250FC760-854F-3DBA-E406-7262EADA2AD1}.Debug|Any CPU.Deploy.0 = Debug|Any CPU
		{250FC760-854F-3DBA-E406-7262EADA2AD1}.Release|Any CPU.ActiveCfg = Release|Any CPU
		{250FC760-854F-3DBA-E406-7262EADA2AD1}.Release|Any CPU.Build.0 = Release|Any CPU
		{250FC760-854F-3DBA-E406-7262EADA2AD1}.Release|Any CPU.Deploy.0 = Release|Any CPU
		{7617C3F4-4C05-442E-AC8D-0D485B7EDD65}.Debug|Any CPU.ActiveCfg = Debug|Any CPU
		{7617C3F4-4C05-442E-AC8D-0D485B7EDD65}.Debug|Any CPU.Build.0 = Debug|Any CPU
		{7617C3F4-4C05-442E-AC8D-0D485B7EDD65}.Release|Any CPU.ActiveCfg = Release|Any CPU
		{7617C3F4-4C05-442E-AC8D-0D485B7EDD65}.Release|Any CPU.Build.0 = Release|Any CPU
		{A865E687-2BC6-4537-A2C6-7EA4B988F885}.Debug|Any CPU.ActiveCfg = Debug|Any CPU
		{A865E687-2BC6-4537-A2C6-7EA4B988F885}.Debug|Any CPU.Build.0 = Debug|Any CPU
		{A865E687-2BC6-4537-A2C6-7EA4B988F885}.Release|Any CPU.ActiveCfg = Release|Any CPU
		{A865E687-2BC6-4537-A2C6-7EA4B988F885}.Release|Any CPU.Build.0 = Release|Any CPU
		{86112197-EB70-457B-B879-91A17E2F6048}.Debug|Any CPU.ActiveCfg = Debug|Any CPU
		{86112197-EB70-457B-B879-91A17E2F6048}.Debug|Any CPU.Build.0 = Debug|Any CPU
		{86112197-EB70-457B-B879-91A17E2F6048}.Release|Any CPU.ActiveCfg = Release|Any CPU
		{86112197-EB70-457B-B879-91A17E2F6048}.Release|Any CPU.Build.0 = Release|Any CPU
	EndGlobalSection
	GlobalSection(SolutionProperties) = preSolution
		HideSolutionNode = FALSE
	EndGlobalSection
	GlobalSection(ExtensibilityGlobals) = postSolution
		SolutionGuid = {76C71E5F-E1CE-44E8-A39C-6DB42339F1AA}
	EndGlobalSection
EndGlobal
